
Microsoft Visual Studio Solution File, Format Version 12.00
# Visual Studio Version 17
VisualStudioVersion = 17.5.002.0
MinimumVisualStudioVersion = 10.0.40219.1
Project("{9A19103F-16F7-4668-BE54-9A1E7A4F7556}") = "Project_Tomagochi", "Project_Tomagochi\Project_Tomagochi.csproj", "{AC0C1596-0299-4201-B85F-03A6F8ECE082}"
EndProject
Global
	GlobalSection(SolutionConfigurationPlatforms) = preSolution
		Debug|Any CPU = Debug|Any CPU
		Release|Any CPU = Release|Any CPU
	EndGlobalSection
	GlobalSection(ProjectConfigurationPlatforms) = postSolution
		{AC0C1596-0299-4201-B85F-03A6F8ECE082}.Debug|Any CPU.ActiveCfg = Debug|Any CPU
		{AC0C1596-0299-4201-B85F-03A6F8ECE082}.Debug|Any CPU.Build.0 = Debug|Any CPU
		{AC0C1596-0299-4201-B85F-03A6F8ECE082}.Release|Any CPU.ActiveCfg = Release|Any CPU
		{AC0C1596-0299-4201-B85F-03A6F8ECE082}.Release|Any CPU.Build.0 = Release|Any CPU
	EndGlobalSection
	GlobalSection(SolutionProperties) = preSolution
		HideSolutionNode = FALSE
	EndGlobalSection
	GlobalSection(ExtensibilityGlobals) = postSolution
		SolutionGuid = {EBEA6992-7E7F-4D7C-BF6F-FAC5CFACE3EC}
	EndGlobalSection
EndGlobal
